
Microsoft Visual Studio Solution File, Format Version 12.00
# Visual Studio 2012
Project("{8BC9CEB8-8B4A-11D0-8D11-00A0C91BC942}") = "compiler", "compiler.vcxproj", "{39EC4F1F-0398-4F2C-918C-4FF8CEF0CB4B}"
EndProject
Project("{8BC9CEB8-8B4A-11D0-8D11-00A0C91BC942}") = "gc", "gc\gc.vcxproj", "{40E9FE87-715B-44C6-836E-69666DE29687}"
EndProject
Global
	GlobalSection(SolutionConfigurationPlatforms) = preSolution
		Debug|Win32 = Debug|Win32
		Release|Win32 = Release|Win32
	EndGlobalSection
	GlobalSection(ProjectConfigurationPlatforms) = postSolution
		{39EC4F1F-0398-4F2C-918C-4FF8CEF0CB4B}.Debug|Win32.ActiveCfg = Debug|Win32
		{39EC4F1F-0398-4F2C-918C-4FF8CEF0CB4B}.Debug|Win32.Build.0 = Debug|Win32
		{39EC4F1F-0398-4F2C-918C-4FF8CEF0CB4B}.Release|Win32.ActiveCfg = Release|Win32
		{39EC4F1F-0398-4F2C-918C-4FF8CEF0CB4B}.Release|Win32.Build.0 = Release|Win32
		{40E9FE87-715B-44C6-836E-69666DE29687}.Debug|Win32.ActiveCfg = Debug|Win32
		{40E9FE87-715B-44C6-836E-69666DE29687}.Debug|Win32.Build.0 = Debug|Win32
		{40E9FE87-715B-44C6-836E-69666DE29687}.Release|Win32.ActiveCfg = Release|Win32
		{40E9FE87-715B-44C6-836E-69666DE29687}.Release|Win32.Build.0 = Release|Win32
	EndGlobalSection
	GlobalSection(SolutionProperties) = preSolution
		HideSolutionNode = FALSE
	EndGlobalSection
EndGlobal
